// !$*UTF8*$!
{
	archiveVersion = 1;
	classes = {
	};
	objectVersion = 50;
	objects = {

/* Begin PBXBuildFile section */
		522D85A3250FC81500774FC2 /* AppDelegate.swift in Sources */ = {isa = PBXBuildFile; fileRef = 522D85A2250FC81500774FC2 /* AppDelegate.swift */; };
		522D85A5250FC81500774FC2 /* SceneDelegate.swift in Sources */ = {isa = PBXBuildFile; fileRef = 522D85A4250FC81500774FC2 /* SceneDelegate.swift */; };
		522D85AC250FC81600774FC2 /* Assets.xcassets in Resources */ = {isa = PBXBuildFile; fileRef = 522D85AB250FC81600774FC2 /* Assets.xcassets */; };
		522D85AF250FC81600774FC2 /* LaunchScreen.storyboard in Resources */ = {isa = PBXBuildFile; fileRef = 522D85AD250FC81600774FC2 /* LaunchScreen.storyboard */; };
		522D85BD250FC8CB00774FC2 /* ConvertView.swift in Sources */ = {isa = PBXBuildFile; fileRef = 522D85BB250FC8CB00774FC2 /* ConvertView.swift */; };
		522D85BE250FC8CB00774FC2 /* ConvertView.xib in Resources */ = {isa = PBXBuildFile; fileRef = 522D85BC250FC8CB00774FC2 /* ConvertView.xib */; };
		5265A394250FCEFB009BB8E9 /* Coordinator.swift in Sources */ = {isa = PBXBuildFile; fileRef = 5265A393250FCEFB009BB8E9 /* Coordinator.swift */; };
		5265A397250FCF32009BB8E9 /* AppCoordinator.swift in Sources */ = {isa = PBXBuildFile; fileRef = 5265A396250FCF32009BB8E9 /* AppCoordinator.swift */; };
		5265A39A250FD064009BB8E9 /* ConvertCoordinator.swift in Sources */ = {isa = PBXBuildFile; fileRef = 5265A399250FD064009BB8E9 /* ConvertCoordinator.swift */; };
		5265A39D250FD440009BB8E9 /* Router.swift in Sources */ = {isa = PBXBuildFile; fileRef = 5265A39C250FD440009BB8E9 /* Router.swift */; };
		5265A39F250FD44B009BB8E9 /* Showable.swift in Sources */ = {isa = PBXBuildFile; fileRef = 5265A39E250FD44B009BB8E9 /* Showable.swift */; };
		5265A3A1250FD625009BB8E9 /* AppRouter.swift in Sources */ = {isa = PBXBuildFile; fileRef = 5265A3A0250FD625009BB8E9 /* AppRouter.swift */; };
		52E01F792510752B00298434 /* RestAPI.swift in Sources */ = {isa = PBXBuildFile; fileRef = 52E01F782510752B00298434 /* RestAPI.swift */; };
		52E01F7C2510795700298434 /* ConvertService.swift in Sources */ = {isa = PBXBuildFile; fileRef = 52E01F7B2510795700298434 /* ConvertService.swift */; };
		52E01F7F25107A0C00298434 /* Constants.swift in Sources */ = {isa = PBXBuildFile; fileRef = 52E01F7E25107A0C00298434 /* Constants.swift */; };
/* End PBXBuildFile section */

/* Begin PBXFileReference section */
		522D859F250FC81500774FC2 /* CurrencyExchange.app */ = {isa = PBXFileReference; explicitFileType = wrapper.application; includeInIndex = 0; path = CurrencyExchange.app; sourceTree = BUILT_PRODUCTS_DIR; };
		522D85A2250FC81500774FC2 /* AppDelegate.swift */ = {isa = PBXFileReference; lastKnownFileType = sourcecode.swift; path = AppDelegate.swift; sourceTree = "<group>"; };
		522D85A4250FC81500774FC2 /* SceneDelegate.swift */ = {isa = PBXFileReference; lastKnownFileType = sourcecode.swift; path = SceneDelegate.swift; sourceTree = "<group>"; };
		522D85AB250FC81600774FC2 /* Assets.xcassets */ = {isa = PBXFileReference; lastKnownFileType = folder.assetcatalog; path = Assets.xcassets; sourceTree = "<group>"; };
		522D85AE250FC81600774FC2 /* Base */ = {isa = PBXFileReference; lastKnownFileType = file.storyboard; name = Base; path = Base.lproj/LaunchScreen.storyboard; sourceTree = "<group>"; };
		522D85B0250FC81600774FC2 /* Info.plist */ = {isa = PBXFileReference; lastKnownFileType = text.plist.xml; path = Info.plist; sourceTree = "<group>"; };
		522D85BB250FC8CB00774FC2 /* ConvertView.swift */ = {isa = PBXFileReference; lastKnownFileType = sourcecode.swift; path = ConvertView.swift; sourceTree = "<group>"; };
		522D85BC250FC8CB00774FC2 /* ConvertView.xib */ = {isa = PBXFileReference; lastKnownFileType = file.xib; path = ConvertView.xib; sourceTree = "<group>"; };
		5265A393250FCEFB009BB8E9 /* Coordinator.swift */ = {isa = PBXFileReference; lastKnownFileType = sourcecode.swift; path = Coordinator.swift; sourceTree = "<group>"; };
		5265A396250FCF32009BB8E9 /* AppCoordinator.swift */ = {isa = PBXFileReference; lastKnownFileType = sourcecode.swift; path = AppCoordinator.swift; sourceTree = "<group>"; };
		5265A399250FD064009BB8E9 /* ConvertCoordinator.swift */ = {isa = PBXFileReference; lastKnownFileType = sourcecode.swift; path = ConvertCoordinator.swift; sourceTree = "<group>"; };
		5265A39C250FD440009BB8E9 /* Router.swift */ = {isa = PBXFileReference; lastKnownFileType = sourcecode.swift; path = Router.swift; sourceTree = "<group>"; };
		5265A39E250FD44B009BB8E9 /* Showable.swift */ = {isa = PBXFileReference; lastKnownFileType = sourcecode.swift; path = Showable.swift; sourceTree = "<group>"; };
		5265A3A0250FD625009BB8E9 /* AppRouter.swift */ = {isa = PBXFileReference; lastKnownFileType = sourcecode.swift; path = AppRouter.swift; sourceTree = "<group>"; };
		52E01F782510752B00298434 /* RestAPI.swift */ = {isa = PBXFileReference; lastKnownFileType = sourcecode.swift; path = RestAPI.swift; sourceTree = "<group>"; };
		52E01F7B2510795700298434 /* ConvertService.swift */ = {isa = PBXFileReference; lastKnownFileType = sourcecode.swift; path = ConvertService.swift; sourceTree = "<group>"; };
		52E01F7E25107A0C00298434 /* Constants.swift */ = {isa = PBXFileReference; lastKnownFileType = sourcecode.swift; path = Constants.swift; sourceTree = "<group>"; };
/* End PBXFileReference section */

/* Begin PBXFrameworksBuildPhase section */
		522D859C250FC81500774FC2 /* Frameworks */ = {
			isa = PBXFrameworksBuildPhase;
			buildActionMask = 2147483647;
			files = (
			);
			runOnlyForDeploymentPostprocessing = 0;
		};
/* End PBXFrameworksBuildPhase section */

/* Begin PBXGroup section */
		522D8596250FC81500774FC2 = {
			isa = PBXGroup;
			children = (
				522D85A1250FC81500774FC2 /* CurrencyExchange */,
				522D85A0250FC81500774FC2 /* Products */,
			);
			sourceTree = "<group>";
		};
		522D85A0250FC81500774FC2 /* Products */ = {
			isa = PBXGroup;
			children = (
				522D859F250FC81500774FC2 /* CurrencyExchange.app */,
			);
			name = Products;
			sourceTree = "<group>";
		};
		522D85A1250FC81500774FC2 /* CurrencyExchange */ = {
			isa = PBXGroup;
			children = (
				52E01F7D25107A0100298434 /* Resources */,
				522D85B6250FC86200774FC2 /* Shared */,
				522D85B7250FC86500774FC2 /* Core */,
				522D85A2250FC81500774FC2 /* AppDelegate.swift */,
				522D85A4250FC81500774FC2 /* SceneDelegate.swift */,
				522D85AB250FC81600774FC2 /* Assets.xcassets */,
				522D85AD250FC81600774FC2 /* LaunchScreen.storyboard */,
				522D85B0250FC81600774FC2 /* Info.plist */,
			);
			path = CurrencyExchange;
			sourceTree = "<group>";
		};
		522D85B6250FC86200774FC2 /* Shared */ = {
			isa = PBXGroup;
			children = (
				52E01F772510751000298434 /* API */,
			);
			path = Shared;
			sourceTree = "<group>";
		};
		522D85B7250FC86500774FC2 /* Core */ = {
			isa = PBXGroup;
			children = (
				5265A39B250FD3F7009BB8E9 /* Router */,
				522D85BA250FC88C00774FC2 /* Screens */,
				522D85B9250FC88400774FC2 /* Coordinator */,
			);
			path = Core;
			sourceTree = "<group>";
		};
		522D85B9250FC88400774FC2 /* Coordinator */ = {
			isa = PBXGroup;
			children = (
				5265A393250FCEFB009BB8E9 /* Coordinator.swift */,
				5265A396250FCF32009BB8E9 /* AppCoordinator.swift */,
				5265A399250FD064009BB8E9 /* ConvertCoordinator.swift */,
			);
			path = Coordinator;
			sourceTree = "<group>";
		};
		522D85BA250FC88C00774FC2 /* Screens */ = {
			isa = PBXGroup;
			children = (
				5265A390250FCE67009BB8E9 /* Model */,
				5265A391250FCE6C009BB8E9 /* View */,
				5265A392250FCE6F009BB8E9 /* ViewModel */,
				52E01F7A2510792000298434 /* Service */,
			);
			path = Screens;
			sourceTree = "<group>";
		};
		5265A390250FCE67009BB8E9 /* Model */ = {
			isa = PBXGroup;
			children = (
			);
			path = Model;
			sourceTree = "<group>";
		};
		5265A391250FCE6C009BB8E9 /* View */ = {
			isa = PBXGroup;
			children = (
				522D85BB250FC8CB00774FC2 /* ConvertView.swift */,
				522D85BC250FC8CB00774FC2 /* ConvertView.xib */,
			);
			path = View;
			sourceTree = "<group>";
		};
		5265A392250FCE6F009BB8E9 /* ViewModel */ = {
			isa = PBXGroup;
			children = (
			);
			path = ViewModel;
			sourceTree = "<group>";
		};
		5265A39B250FD3F7009BB8E9 /* Router */ = {
			isa = PBXGroup;
			children = (
				5265A39C250FD440009BB8E9 /* Router.swift */,
				5265A39E250FD44B009BB8E9 /* Showable.swift */,
				5265A3A0250FD625009BB8E9 /* AppRouter.swift */,
			);
			path = Router;
			sourceTree = "<group>";
		};
		52E01F772510751000298434 /* API */ = {
			isa = PBXGroup;
			children = (
				52E01F782510752B00298434 /* RestAPI.swift */,
			);
			path = API;
			sourceTree = "<group>";
		};
		52E01F7A2510792000298434 /* Service */ = {
			isa = PBXGroup;
			children = (
				52E01F7B2510795700298434 /* ConvertService.swift */,
			);
			path = Service;
			sourceTree = "<group>";
		};
		52E01F7D25107A0100298434 /* Resources */ = {
			isa = PBXGroup;
			children = (
				52E01F7E25107A0C00298434 /* Constants.swift */,
			);
			path = Resources;
			sourceTree = "<group>";
		};
/* End PBXGroup section */

/* Begin PBXNativeTarget section */
		522D859E250FC81500774FC2 /* CurrencyExchange */ = {
			isa = PBXNativeTarget;
			buildConfigurationList = 522D85B3250FC81600774FC2 /* Build configuration list for PBXNativeTarget "CurrencyExchange" */;
			buildPhases = (
				522D859B250FC81500774FC2 /* Sources */,
				522D859C250FC81500774FC2 /* Frameworks */,
				522D859D250FC81500774FC2 /* Resources */,
			);
			buildRules = (
			);
			dependencies = (
			);
			name = CurrencyExchange;
			productName = CurrencyExchange;
			productReference = 522D859F250FC81500774FC2 /* CurrencyExchange.app */;
			productType = "com.apple.product-type.application";
		};
/* End PBXNativeTarget section */

/* Begin PBXProject section */
		522D8597250FC81500774FC2 /* Project object */ = {
			isa = PBXProject;
			attributes = {
				LastSwiftUpdateCheck = 1150;
				LastUpgradeCheck = 1150;
				ORGANIZATIONNAME = "Aldair Cosetito";
				TargetAttributes = {
					522D859E250FC81500774FC2 = {
						CreatedOnToolsVersion = 11.5;
					};
				};
			};
			buildConfigurationList = 522D859A250FC81500774FC2 /* Build configuration list for PBXProject "CurrencyExchange" */;
			compatibilityVersion = "Xcode 9.3";
			developmentRegion = en;
			hasScannedForEncodings = 0;
			knownRegions = (
				en,
				Base,
			);
			mainGroup = 522D8596250FC81500774FC2;
			productRefGroup = 522D85A0250FC81500774FC2 /* Products */;
			projectDirPath = "";
			projectRoot = "";
			targets = (
				522D859E250FC81500774FC2 /* CurrencyExchange */,
			);
		};
/* End PBXProject section */

/* Begin PBXResourcesBuildPhase section */
		522D859D250FC81500774FC2 /* Resources */ = {
			isa = PBXResourcesBuildPhase;
			buildActionMask = 2147483647;
			files = (
				522D85BE250FC8CB00774FC2 /* ConvertView.xib in Resources */,
				522D85AF250FC81600774FC2 /* LaunchScreen.storyboard in Resources */,
				522D85AC250FC81600774FC2 /* Assets.xcassets in Resources */,
			);
			runOnlyForDeploymentPostprocessing = 0;
		};
/* End PBXResourcesBuildPhase section */

/* Begin PBXSourcesBuildPhase section */
		522D859B250FC81500774FC2 /* Sources */ = {
			isa = PBXSourcesBuildPhase;
			buildActionMask = 2147483647;
			files = (
				5265A394250FCEFB009BB8E9 /* Coordinator.swift in Sources */,
				52E01F7C2510795700298434 /* ConvertService.swift in Sources */,
				522D85A3250FC81500774FC2 /* AppDelegate.swift in Sources */,
				5265A39A250FD064009BB8E9 /* ConvertCoordinator.swift in Sources */,
				5265A39D250FD440009BB8E9 /* Router.swift in Sources */,
				522D85A5250FC81500774FC2 /* SceneDelegate.swift in Sources */,
				5265A3A1250FD625009BB8E9 /* AppRouter.swift in Sources */,
				52E01F792510752B00298434 /* RestAPI.swift in Sources */,
				5265A397250FCF32009BB8E9 /* AppCoordinator.swift in Sources */,
				5265A39F250FD44B009BB8E9 /* Showable.swift in Sources */,
				522D85BD250FC8CB00774FC2 /* ConvertView.swift in Sources */,
				52E01F7F25107A0C00298434 /* Constants.swift in Sources */,
			);
			runOnlyForDeploymentPostprocessing = 0;
		};
/* End PBXSourcesBuildPhase section */

/* Begin PBXVariantGroup section */
		522D85AD250FC81600774FC2 /* LaunchScreen.storyboard */ = {
			isa = PBXVariantGroup;
			children = (
				522D85AE250FC81600774FC2 /* Base */,
			);
			name = LaunchScreen.storyboard;
			sourceTree = "<group>";
		};
/* End PBXVariantGroup section */

/* Begin XCBuildConfiguration section */
		522D85B1250FC81600774FC2 /* Debug */ = {
			isa = XCBuildConfiguration;
			buildSettings = {
				ALWAYS_SEARCH_USER_PATHS = NO;
				CLANG_ANALYZER_NONNULL = YES;
				CLANG_ANALYZER_NUMBER_OBJECT_CONVERSION = YES_AGGRESSIVE;
				CLANG_CXX_LANGUAGE_STANDARD = "gnu++14";
				CLANG_CXX_LIBRARY = "libc++";
				CLANG_ENABLE_MODULES = YES;
				CLANG_ENABLE_OBJC_ARC = YES;
				CLANG_ENABLE_OBJC_WEAK = YES;
				CLANG_WARN_BLOCK_CAPTURE_AUTORELEASING = YES;
				CLANG_WARN_BOOL_CONVERSION = YES;
				CLANG_WARN_COMMA = YES;
				CLANG_WARN_CONSTANT_CONVERSION = YES;
				CLANG_WARN_DEPRECATED_OBJC_IMPLEMENTATIONS = YES;
				CLANG_WARN_DIRECT_OBJC_ISA_USAGE = YES_ERROR;
				CLANG_WARN_DOCUMENTATION_COMMENTS = YES;
				CLANG_WARN_EMPTY_BODY = YES;
				CLANG_WARN_ENUM_CONVERSION = YES;
				CLANG_WARN_INFINITE_RECURSION = YES;
				CLANG_WARN_INT_CONVERSION = YES;
				CLANG_WARN_NON_LITERAL_NULL_CONVERSION = YES;
				CLANG_WARN_OBJC_IMPLICIT_RETAIN_SELF = YES;
				CLANG_WARN_OBJC_LITERAL_CONVERSION = YES;
				CLANG_WARN_OBJC_ROOT_CLASS = YES_ERROR;
				CLANG_WARN_RANGE_LOOP_ANALYSIS = YES;
				CLANG_WARN_STRICT_PROTOTYPES = YES;
				CLANG_WARN_SUSPICIOUS_MOVE = YES;
				CLANG_WARN_UNGUARDED_AVAILABILITY = YES_AGGRESSIVE;
				CLANG_WARN_UNREACHABLE_CODE = YES;
				CLANG_WARN__DUPLICATE_METHOD_MATCH = YES;
				COPY_PHASE_STRIP = NO;
				DEBUG_INFORMATION_FORMAT = dwarf;
				ENABLE_STRICT_OBJC_MSGSEND = YES;
				ENABLE_TESTABILITY = YES;
				GCC_C_LANGUAGE_STANDARD = gnu11;
				GCC_DYNAMIC_NO_PIC = NO;
				GCC_NO_COMMON_BLOCKS = YES;
				GCC_OPTIMIZATION_LEVEL = 0;
				GCC_PREPROCESSOR_DEFINITIONS = (
					"DEBUG=1",
					"$(inherited)",
				);
				GCC_WARN_64_TO_32_BIT_CONVERSION = YES;
				GCC_WARN_ABOUT_RETURN_TYPE = YES_ERROR;
				GCC_WARN_UNDECLARED_SELECTOR = YES;
				GCC_WARN_UNINITIALIZED_AUTOS = YES_AGGRESSIVE;
				GCC_WARN_UNUSED_FUNCTION = YES;
				GCC_WARN_UNUSED_VARIABLE = YES;
				IPHONEOS_DEPLOYMENT_TARGET = 13.5;
				MTL_ENABLE_DEBUG_INFO = INCLUDE_SOURCE;
				MTL_FAST_MATH = YES;
				ONLY_ACTIVE_ARCH = YES;
				SDKROOT = iphoneos;
				SWIFT_ACTIVE_COMPILATION_CONDITIONS = DEBUG;
				SWIFT_OPTIMIZATION_LEVEL = "-Onone";
			};
			name = Debug;
		};
		522D85B2250FC81600774FC2 /* Release */ = {
			isa = XCBuildConfiguration;
			buildSettings = {
				ALWAYS_SEARCH_USER_PATHS = NO;
				CLANG_ANALYZER_NONNULL = YES;
				CLANG_ANALYZER_NUMBER_OBJECT_CONVERSION = YES_AGGRESSIVE;
				CLANG_CXX_LANGUAGE_STANDARD = "gnu++14";
				CLANG_CXX_LIBRARY = "libc++";
				CLANG_ENABLE_MODULES = YES;
				CLANG_ENABLE_OBJC_ARC = YES;
				CLANG_ENABLE_OBJC_WEAK = YES;
				CLANG_WARN_BLOCK_CAPTURE_AUTORELEASING = YES;
				CLANG_WARN_BOOL_CONVERSION = YES;
				CLANG_WARN_COMMA = YES;
				CLANG_WARN_CONSTANT_CONVERSION = YES;
				CLANG_WARN_DEPRECATED_OBJC_IMPLEMENTATIONS = YES;
				CLANG_WARN_DIRECT_OBJC_ISA_USAGE = YES_ERROR;
				CLANG_WARN_DOCUMENTATION_COMMENTS = YES;
				CLANG_WARN_EMPTY_BODY = YES;
				CLANG_WARN_ENUM_CONVERSION = YES;
				CLANG_WARN_INFINITE_RECURSION = YES;
				CLANG_WARN_INT_CONVERSION = YES;
				CLANG_WARN_NON_LITERAL_NULL_CONVERSION = YES;
				CLANG_WARN_OBJC_IMPLICIT_RETAIN_SELF = YES;
				CLANG_WARN_OBJC_LITERAL_CONVERSION = YES;
				CLANG_WARN_OBJC_ROOT_CLASS = YES_ERROR;
				CLANG_WARN_RANGE_LOOP_ANALYSIS = YES;
				CLANG_WARN_STRICT_PROTOTYPES = YES;
				CLANG_WARN_SUSPICIOUS_MOVE = YES;
				CLANG_WARN_UNGUARDED_AVAILABILITY = YES_AGGRESSIVE;
				CLANG_WARN_UNREACHABLE_CODE = YES;
				CLANG_WARN__DUPLICATE_METHOD_MATCH = YES;
				COPY_PHASE_STRIP = NO;
				DEBUG_INFORMATION_FORMAT = "dwarf-with-dsym";
				ENABLE_NS_ASSERTIONS = NO;
				ENABLE_STRICT_OBJC_MSGSEND = YES;
				GCC_C_LANGUAGE_STANDARD = gnu11;
				GCC_NO_COMMON_BLOCKS = YES;
				GCC_WARN_64_TO_32_BIT_CONVERSION = YES;
				GCC_WARN_ABOUT_RETURN_TYPE = YES_ERROR;
				GCC_WARN_UNDECLARED_SELECTOR = YES;
				GCC_WARN_UNINITIALIZED_AUTOS = YES_AGGRESSIVE;
				GCC_WARN_UNUSED_FUNCTION = YES;
				GCC_WARN_UNUSED_VARIABLE = YES;
				IPHONEOS_DEPLOYMENT_TARGET = 13.5;
				MTL_ENABLE_DEBUG_INFO = NO;
				MTL_FAST_MATH = YES;
				SDKROOT = iphoneos;
				SWIFT_COMPILATION_MODE = wholemodule;
				SWIFT_OPTIMIZATION_LEVEL = "-O";
				VALIDATE_PRODUCT = YES;
			};
			name = Release;
		};
		522D85B4250FC81600774FC2 /* Debug */ = {
			isa = XCBuildConfiguration;
			buildSettings = {
				ASSETCATALOG_COMPILER_APPICON_NAME = AppIcon;
				CODE_SIGN_STYLE = Automatic;
				INFOPLIST_FILE = CurrencyExchange/Info.plist;
				LD_RUNPATH_SEARCH_PATHS = (
					"$(inherited)",
					"@executable_path/Frameworks",
				);
				PRODUCT_BUNDLE_IDENTIFIER = com.academiamoviles.CurrencyExchange;
				PRODUCT_NAME = "$(TARGET_NAME)";
				SWIFT_VERSION = 5.0;
				TARGETED_DEVICE_FAMILY = "1,2";
			};
			name = Debug;
		};
		522D85B5250FC81600774FC2 /* Release */ = {
			isa = XCBuildConfiguration;
			buildSettings = {
				ASSETCATALOG_COMPILER_APPICON_NAME = AppIcon;
				CODE_SIGN_STYLE = Automatic;
				INFOPLIST_FILE = CurrencyExchange/Info.plist;
				LD_RUNPATH_SEARCH_PATHS = (
					"$(inherited)",
					"@executable_path/Frameworks",
				);
				PRODUCT_BUNDLE_IDENTIFIER = com.academiamoviles.CurrencyExchange;
				PRODUCT_NAME = "$(TARGET_NAME)";
				SWIFT_VERSION = 5.0;
				TARGETED_DEVICE_FAMILY = "1,2";
			};
			name = Release;
		};
/* End XCBuildConfiguration section */

/* Begin XCConfigurationList section */
		522D859A250FC81500774FC2 /* Build configuration list for PBXProject "CurrencyExchange" */ = {
			isa = XCConfigurationList;
			buildConfigurations = (
				522D85B1250FC81600774FC2 /* Debug */,
				522D85B2250FC81600774FC2 /* Release */,
			);
			defaultConfigurationIsVisible = 0;
			defaultConfigurationName = Release;
		};
		522D85B3250FC81600774FC2 /* Build configuration list for PBXNativeTarget "CurrencyExchange" */ = {
			isa = XCConfigurationList;
			buildConfigurations = (
				522D85B4250FC81600774FC2 /* Debug */,
				522D85B5250FC81600774FC2 /* Release */,
			);
			defaultConfigurationIsVisible = 0;
			defaultConfigurationName = Release;
		};
/* End XCConfigurationList section */
	};
	rootObject = 522D8597250FC81500774FC2 /* Project object */;
}
